
Microsoft Visual Studio Solution File, Format Version 12.00
# Visual Studio Version 17
VisualStudioVersion = 17.9.34723.18
MinimumVisualStudioVersion = 10.0.40219.1
Project("{FAE04EC0-301F-11D3-BF4B-00C04F79EFBC}") = "CSHARP期中評量", "CSHARP期中評量\CSHARP期中評量.csproj", "{0DC18AC3-3ABE-463F-B6E2-36E2964165BA}"
EndProject
Global
	GlobalSection(SolutionConfigurationPlatforms) = preSolution
		Debug|Any CPU = Debug|Any CPU
		Release|Any CPU = Release|Any CPU
	EndGlobalSection
	GlobalSection(ProjectConfigurationPlatforms) = postSolution
		{0DC18AC3-3ABE-463F-B6E2-36E2964165BA}.Debug|Any CPU.ActiveCfg = Debug|Any CPU
		{0DC18AC3-3ABE-463F-B6E2-36E2964165BA}.Debug|Any CPU.Build.0 = Debug|Any CPU
		{0DC18AC3-3ABE-463F-B6E2-36E2964165BA}.Release|Any CPU.ActiveCfg = Release|Any CPU
		{0DC18AC3-3ABE-463F-B6E2-36E2964165BA}.Release|Any CPU.Build.0 = Release|Any CPU
	EndGlobalSection
	GlobalSection(SolutionProperties) = preSolution
		HideSolutionNode = FALSE
	EndGlobalSection
	GlobalSection(ExtensibilityGlobals) = postSolution
		SolutionGuid = {FF7DCFB4-768D-466B-87EE-20D959B00B21}
	EndGlobalSection
EndGlobal
